// !$*UTF8*$!
{
	archiveVersion = 1;
	classes = {
	};
	objectVersion = 46;
	objects = {

/* Begin PBXBuildFile section */
		53B39B621E247022009F5D28 /* AppDelegate.swift in Sources */ = {isa = PBXBuildFile; fileRef = 53B39B611E247022009F5D28 /* AppDelegate.swift */; };
		53B39B641E247022009F5D28 /* ViewController.swift in Sources */ = {isa = PBXBuildFile; fileRef = 53B39B631E247022009F5D28 /* ViewController.swift */; };
		53B39B671E247022009F5D28 /* Main.storyboard in Resources */ = {isa = PBXBuildFile; fileRef = 53B39B651E247022009F5D28 /* Main.storyboard */; };
		53B39B691E247022009F5D28 /* Assets.xcassets in Resources */ = {isa = PBXBuildFile; fileRef = 53B39B681E247022009F5D28 /* Assets.xcassets */; };
		53B39B6C1E247022009F5D28 /* LaunchScreen.storyboard in Resources */ = {isa = PBXBuildFile; fileRef = 53B39B6A1E247022009F5D28 /* LaunchScreen.storyboard */; };
/* End PBXBuildFile section */

/* Begin PBXFileReference section */
		53B39B5E1E247022009F5D28 /* GGcalculator.app */ = {isa = PBXFileReference; explicitFileType = wrapper.application; includeInIndex = 0; path = GGcalculator.app; sourceTree = BUILT_PRODUCTS_DIR; };
		53B39B611E247022009F5D28 /* AppDelegate.swift */ = {isa = PBXFileReference; lastKnownFileType = sourcecode.swift; path = AppDelegate.swift; sourceTree = "<group>"; };
		53B39B631E247022009F5D28 /* ViewController.swift */ = {isa = PBXFileReference; lastKnownFileType = sourcecode.swift; path = ViewController.swift; sourceTree = "<group>"; };
		53B39B661E247022009F5D28 /* Base */ = {isa = PBXFileReference; lastKnownFileType = file.storyboard; name = Base; path = Base.lproj/Main.storyboard; sourceTree = "<group>"; };
		53B39B681E247022009F5D28 /* Assets.xcassets */ = {isa = PBXFileReference; lastKnownFileType = folder.assetcatalog; path = Assets.xcassets; sourceTree = "<group>"; };
		53B39B6B1E247022009F5D28 /* Base */ = {isa = PBXFileReference; lastKnownFileType = file.storyboard; name = Base; path = Base.lproj/LaunchScreen.storyboard; sourceTree = "<group>"; };
		53B39B6D1E247022009F5D28 /* Info.plist */ = {isa = PBXFileReference; lastKnownFileType = text.plist.xml; path = Info.plist; sourceTree = "<group>"; };
/* End PBXFileReference section */

/* Begin PBXFrameworksBuildPhase section */
		53B39B5B1E247022009F5D28 /* Frameworks */ = {
			isa = PBXFrameworksBuildPhase;
			buildActionMask = 2147483647;
			files = (
			);
			runOnlyForDeploymentPostprocessing = 0;
		};
/* End PBXFrameworksBuildPhase section */

/* Begin PBXGroup section */
		53B39B551E247022009F5D28 = {
			isa = PBXGroup;
			children = (
				53B39B601E247022009F5D28 /* GGcalculator */,
				53B39B5F1E247022009F5D28 /* Products */,
			);
			sourceTree = "<group>";
		};
		53B39B5F1E247022009F5D28 /* Products */ = {
			isa = PBXGroup;
			children = (
				53B39B5E1E247022009F5D28 /* GGcalculator.app */,
			);
			name = Products;
			sourceTree = "<group>";
		};
		53B39B601E247022009F5D28 /* GGcalculator */ = {
			isa = PBXGroup;
			children = (
				53B39B611E247022009F5D28 /* AppDelegate.swift */,
				53B39B631E247022009F5D28 /* ViewController.swift */,
				53B39B651E247022009F5D28 /* Main.storyboard */,
				53B39B681E247022009F5D28 /* Assets.xcassets */,
				53B39B6A1E247022009F5D28 /* LaunchScreen.storyboard */,
				53B39B6D1E247022009F5D28 /* Info.plist */,
			);
			path = GGcalculator;
			sourceTree = "<group>";
		};
/* End PBXGroup section */

/* Begin PBXNativeTarget section */
		53B39B5D1E247022009F5D28 /* GGcalculator */ = {
			isa = PBXNativeTarget;
			buildConfigurationList = 53B39B701E247022009F5D28 /* Build configuration list for PBXNativeTarget "GGcalculator" */;
			buildPhases = (
				53B39B5A1E247022009F5D28 /* Sources */,
				53B39B5B1E247022009F5D28 /* Frameworks */,
				53B39B5C1E247022009F5D28 /* Resources */,
			);
			buildRules = (
			);
			dependencies = (
			);
			name = GGcalculator;
			productName = GGcalculator;
			productReference = 53B39B5E1E247022009F5D28 /* GGcalculator.app */;
			productType = "com.apple.product-type.application";
		};
/* End PBXNativeTarget section */

/* Begin PBXProject section */
		53B39B561E247022009F5D28 /* Project object */ = {
			isa = PBXProject;
			attributes = {
				LastSwiftUpdateCheck = 0820;
				LastUpgradeCheck = 0820;
				ORGANIZATIONNAME = "Gokul Yenugadhati";
				TargetAttributes = {
					53B39B5D1E247022009F5D28 = {
						CreatedOnToolsVersion = 8.2.1;
						ProvisioningStyle = Automatic;
					};
				};
			};
			buildConfigurationList = 53B39B591E247022009F5D28 /* Build configuration list for PBXProject "GGcalculator" */;
			compatibilityVersion = "Xcode 3.2";
			developmentRegion = English;
			hasScannedForEncodings = 0;
			knownRegions = (
				en,
				Base,
			);
			mainGroup = 53B39B551E247022009F5D28;
			productRefGroup = 53B39B5F1E247022009F5D28 /* Products */;
			projectDirPath = "";
			projectRoot = "";
			targets = (
				53B39B5D1E247022009F5D28 /* GGcalculator */,
			);
		};
/* End PBXProject section */

/* Begin PBXResourcesBuildPhase section */
		53B39B5C1E247022009F5D28 /* Resources */ = {
			isa = PBXResourcesBuildPhase;
			buildActionMask = 2147483647;
			files = (
				53B39B6C1E247022009F5D28 /* LaunchScreen.storyboard in Resources */,
				53B39B691E247022009F5D28 /* Assets.xcassets in Resources */,
				53B39B671E247022009F5D28 /* Main.storyboard in Resources */,
			);
			runOnlyForDeploymentPostprocessing = 0;
		};
/* End PBXResourcesBuildPhase section */

/* Begin PBXSourcesBuildPhase section */
		53B39B5A1E247022009F5D28 /* Sources */ = {
			isa = PBXSourcesBuildPhase;
			buildActionMask = 2147483647;
			files = (
				53B39B641E247022009F5D28 /* ViewController.swift in Sources */,
				53B39B621E247022009F5D28 /* AppDelegate.swift in Sources */,
			);
			runOnlyForDeploymentPostprocessing = 0;
		};
/* End PBXSourcesBuildPhase section */

/* Begin PBXVariantGroup section */
		53B39B651E247022009F5D28 /* Main.storyboard */ = {
			isa = PBXVariantGroup;
			children = (
				53B39B661E247022009F5D28 /* Base */,
			);
			name = Main.storyboard;
			sourceTree = "<group>";
		};
		53B39B6A1E247022009F5D28 /* LaunchScreen.storyboard */ = {
			isa = PBXVariantGroup;
			children = (
				53B39B6B1E247022009F5D28 /* Base */,
			);
			name = LaunchScreen.storyboard;
			sourceTree = "<group>";
		};
/* End PBXVariantGroup section */

/* Begin XCBuildConfiguration section */
		53B39B6E1E247022009F5D28 /* Debug */ = {
			isa = XCBuildConfiguration;
			buildSettings = {
				ALWAYS_SEARCH_USER_PATHS = NO;
				CLANG_ANALYZER_NONNULL = YES;
				CLANG_CXX_LANGUAGE_STANDARD = "gnu++0x";
				CLANG_CXX_LIBRARY = "libc++";
				CLANG_ENABLE_MODULES = YES;
				CLANG_ENABLE_OBJC_ARC = YES;
				CLANG_WARN_BOOL_CONVERSION = YES;
				CLANG_WARN_CONSTANT_CONVERSION = YES;
				CLANG_WARN_DIRECT_OBJC_ISA_USAGE = YES_ERROR;
				CLANG_WARN_DOCUMENTATION_COMMENTS = YES;
				CLANG_WARN_EMPTY_BODY = YES;
				CLANG_WARN_ENUM_CONVERSION = YES;
				CLANG_WARN_INFINITE_RECURSION = YES;
				CLANG_WARN_INT_CONVERSION = YES;
				CLANG_WARN_OBJC_ROOT_CLASS = YES_ERROR;
				CLANG_WARN_SUSPICIOUS_MOVE = YES;
				CLANG_WARN_UNREACHABLE_CODE = YES;
				CLANG_WARN__DUPLICATE_METHOD_MATCH = YES;
				"CODE_SIGN_IDENTITY[sdk=iphoneos*]" = "iPhone Developer";
				COPY_PHASE_STRIP = NO;
				DEBUG_INFORMATION_FORMAT = dwarf;
				ENABLE_STRICT_OBJC_MSGSEND = YES;
				ENABLE_TESTABILITY = YES;
				GCC_C_LANGUAGE_STANDARD = gnu99;
				GCC_DYNAMIC_NO_PIC = NO;
				GCC_NO_COMMON_BLOCKS = YES;
				GCC_OPTIMIZATION_LEVEL = 0;
				GCC_PREPROCESSOR_DEFINITIONS = (
					"DEBUG=1",
					"$(inherited)",
				);
				GCC_WARN_64_TO_32_BIT_CONVERSION = YES;
				GCC_WARN_ABOUT_RETURN_TYPE = YES_ERROR;
				GCC_WARN_UNDECLARED_SELECTOR = YES;
				GCC_WARN_UNINITIALIZED_AUTOS = YES_AGGRESSIVE;
				GCC_WARN_UNUSED_FUNCTION = YES;
				GCC_WARN_UNUSED_VARIABLE = YES;
				IPHONEOS_DEPLOYMENT_TARGET = 10.2;
				MTL_ENABLE_DEBUG_INFO = YES;
				ONLY_ACTIVE_ARCH = YES;
				SDKROOT = iphoneos;
				SWIFT_ACTIVE_COMPILATION_CONDITIONS = DEBUG;
				SWIFT_OPTIMIZATION_LEVEL = "-Onone";
			};
			name = Debug;
		};
		53B39B6F1E247022009F5D28 /* Release */ = {
			isa = XCBuildConfiguration;
			buildSettings = {
				ALWAYS_SEARCH_USER_PATHS = NO;
				CLANG_ANALYZER_NONNULL = YES;
				CLANG_CXX_LANGUAGE_STANDARD = "gnu++0x";
				CLANG_CXX_LIBRARY = "libc++";
				CLANG_ENABLE_MODULES = YES;
				CLANG_ENABLE_OBJC_ARC = YES;
				CLANG_WARN_BOOL_CONVERSION = YES;
				CLANG_WARN_CONSTANT_CONVERSION = YES;
				CLANG_WARN_DIRECT_OBJC_ISA_USAGE = YES_ERROR;
				CLANG_WARN_DOCUMENTATION_COMMENTS = YES;
				CLANG_WARN_EMPTY_BODY = YES;
				CLANG_WARN_ENUM_CONVERSION = YES;
				CLANG_WARN_INFINITE_RECURSION = YES;
				CLANG_WARN_INT_CONVERSION = YES;
				CLANG_WARN_OBJC_ROOT_CLASS = YES_ERROR;
				CLANG_WARN_SUSPICIOUS_MOVE = YES;
				CLANG_WARN_UNREACHABLE_CODE = YES;
				CLANG_WARN__DUPLICATE_METHOD_MATCH = YES;
				"CODE_SIGN_IDENTITY[sdk=iphoneos*]" = "iPhone Developer";
				COPY_PHASE_STRIP = NO;
				DEBUG_INFORMATION_FORMAT = "dwarf-with-dsym";
				ENABLE_NS_ASSERTIONS = NO;
				ENABLE_STRICT_OBJC_MSGSEND = YES;
				GCC_C_LANGUAGE_STANDARD = gnu99;
				GCC_NO_COMMON_BLOCKS = YES;
				GCC_WARN_64_TO_32_BIT_CONVERSION = YES;
				GCC_WARN_ABOUT_RETURN_TYPE = YES_ERROR;
				GCC_WARN_UNDECLARED_SELECTOR = YES;
				GCC_WARN_UNINITIALIZED_AUTOS = YES_AGGRESSIVE;
				GCC_WARN_UNUSED_FUNCTION = YES;
				GCC_WARN_UNUSED_VARIABLE = YES;
				IPHONEOS_DEPLOYMENT_TARGET = 10.2;
				MTL_ENABLE_DEBUG_INFO = NO;
				SDKROOT = iphoneos;
				SWIFT_OPTIMIZATION_LEVEL = "-Owholemodule";
				VALIDATE_PRODUCT = YES;
			};
			name = Release;
		};
		53B39B711E247022009F5D28 /* Debug */ = {
			isa = XCBuildConfiguration;
			buildSettings = {
				ASSETCATALOG_COMPILER_APPICON_NAME = AppIcon;
				INFOPLIST_FILE = GGcalculator/Info.plist;
				LD_RUNPATH_SEARCH_PATHS = "$(inherited) @executable_path/Frameworks";
				PRODUCT_BUNDLE_IDENTIFIER = com.Gokulsree.GGcalculator;
				PRODUCT_NAME = "$(TARGET_NAME)";
				SWIFT_VERSION = 3.0;
			};
			name = Debug;
		};
		53B39B721E247022009F5D28 /* Release */ = {
			isa = XCBuildConfiguration;
			buildSettings = {
				ASSETCATALOG_COMPILER_APPICON_NAME = AppIcon;
				INFOPLIST_FILE = GGcalculator/Info.plist;
				LD_RUNPATH_SEARCH_PATHS = "$(inherited) @executable_path/Frameworks";
				PRODUCT_BUNDLE_IDENTIFIER = com.Gokulsree.GGcalculator;
				PRODUCT_NAME = "$(TARGET_NAME)";
				SWIFT_VERSION = 3.0;
			};
			name = Release;
		};
/* End XCBuildConfiguration section */

/* Begin XCConfigurationList section */
		53B39B591E247022009F5D28 /* Build configuration list for PBXProject "GGcalculator" */ = {
			isa = XCConfigurationList;
			buildConfigurations = (
				53B39B6E1E247022009F5D28 /* Debug */,
				53B39B6F1E247022009F5D28 /* Release */,
			);
			defaultConfigurationIsVisible = 0;
			defaultConfigurationName = Release;
		};
		53B39B701E247022009F5D28 /* Build configuration list for PBXNativeTarget "GGcalculator" */ = {
			isa = XCConfigurationList;
			buildConfigurations = (
				53B39B711E247022009F5D28 /* Debug */,
				53B39B721E247022009F5D28 /* Release */,
			);
			defaultConfigurationIsVisible = 0;
		};
/* End XCConfigurationList section */
	};
	rootObject = 53B39B561E247022009F5D28 /* Project object */;
}
